{
    "name": "spine-frontend",
    "version": "1.0.0",
    "lockfileVersion": 3,
    "requires": true,
    "packages": {
        "": {
            "name": "spine-frontend",
            "version": "1.0.0",
            "devDependencies": {
                "@tailwindcss/forms": "^0.5.7",
                "tailwindcss": "^4.1.4"
            }
        },
        "node_modules/@tailwindcss/forms": {
            "version": "0.5.10",
            "resolved": "https://registry.npmjs.org/@tailwindcss/forms/-/forms-0.5.10.tgz",
            "integrity": "sha512-utI1ONF6uf/pPNO68kmN1b8rEwNXv3czukalo8VtJH8ksIkZXr3Q3VYudZLkCsDd4Wku120uF02hYK25XGPorw==",
            "dev": true,
            "license": "MIT",
            "dependencies": {
                "mini-svg-data-uri": "^1.2.3"
            },
            "peerDependencies": {
                "tailwindcss": ">=3.0.0 || >= 3.0.0-alpha.1 || >= 4.0.0-alpha.20 || >= 4.0.0-beta.1"
            }
        },
        "node_modules/mini-svg-data-uri": {
            "version": "1.4.4",
            "resolved": "https://registry.npmjs.org/mini-svg-data-uri/-/mini-svg-data-uri-1.4.4.tgz",
            "integrity": "sha512-r9deDe9p5FJUPZAk3A59wGH7Ii9YrjjWw0jmw/liSbHl2CHiyXj6FcDXDu2K3TjVAXqiJdaw3xxwlZZr9E6nHg==",
            "dev": true,
            "license": "MIT",
            "bin": {
                "mini-svg-data-uri": "cli.js"
            }
        },
        "node_modules/tailwindcss": {
            "version": "4.1.13",
            "resolved": "https://registry.npmjs.org/tailwindcss/-/tailwindcss-4.1.13.tgz",
            "integrity": "sha512-i+zidfmTqtwquj4hMEwdjshYYgMbOrPzb9a0M3ZgNa0JMoZeFC6bxZvO8yr8ozS6ix2SDz0+mvryPeBs2TFE+w==",
            "dev": true,
            "license": "MIT"
        }
    }
}
